// !$*UTF8*$!
{
	archiveVersion = 1;
	classes = {
	};
	objectVersion = 50;
	objects = {

/* Begin PBXBuildFile section */
		7C19903E20B9EAEB00DF098E /* MockApplicationDependencies.swift in Sources */ = {isa = PBXBuildFile; fileRef = 7C19903D20B9EAEB00DF098E /* MockApplicationDependencies.swift */; };
		7C19904220B9EB7900DF098E /* MockCrashLogger.swift in Sources */ = {isa = PBXBuildFile; fileRef = 7C19904120B9EB7900DF098E /* MockCrashLogger.swift */; };
		7C19904420B9EC1C00DF098E /* MockSecureStorageService.swift in Sources */ = {isa = PBXBuildFile; fileRef = 7C19904320B9EC1C00DF098E /* MockSecureStorageService.swift */; };
		7C19904620B9EC9B00DF098E /* MockAuthenticationService.swift in Sources */ = {isa = PBXBuildFile; fileRef = 7C19904520B9EC9B00DF098E /* MockAuthenticationService.swift */; };
		7C19904820B9EDD900DF098E /* MockNetworkService.swift in Sources */ = {isa = PBXBuildFile; fileRef = 7C19904720B9EDD900DF098E /* MockNetworkService.swift */; };
		7C19904A20B9FBEF00DF098E /* LoginViewModelSpec.swift in Sources */ = {isa = PBXBuildFile; fileRef = 7C19904920B9FBEF00DF098E /* LoginViewModelSpec.swift */; };
		7C33DFBE20BC7F0C00784D63 /* RegisterViewModelSpec.swift in Sources */ = {isa = PBXBuildFile; fileRef = 7C33DFBD20BC7F0C00784D63 /* RegisterViewModelSpec.swift */; };
		7C33DFC020BC84E400784D63 /* AuthenticationServiceSpec.swift in Sources */ = {isa = PBXBuildFile; fileRef = 7C33DFBF20BC84E400784D63 /* AuthenticationServiceSpec.swift */; };
		7C4F2C6920A5C70000E19EB0 /* HomeTabBarController.swift in Sources */ = {isa = PBXBuildFile; fileRef = 7C4F2C6820A5C70000E19EB0 /* HomeTabBarController.swift */; };
		7C7E9E6B20AE185D0034D448 /* ManageFlowController.swift in Sources */ = {isa = PBXBuildFile; fileRef = 7C7E9E6A20AE185D0034D448 /* ManageFlowController.swift */; };
		7C7E9E6E20AE1D5F0034D448 /* ManageTableViewCell.swift in Sources */ = {isa = PBXBuildFile; fileRef = 7C7E9E6D20AE1D5F0034D448 /* ManageTableViewCell.swift */; };
		7C9B8F732083946200661EFE /* ApplicationDelegate.swift in Sources */ = {isa = PBXBuildFile; fileRef = 7C9B8F722083946200661EFE /* ApplicationDelegate.swift */; };
		7C9B8F7A2083946400661EFE /* Assets.xcassets in Resources */ = {isa = PBXBuildFile; fileRef = 7C9B8F792083946400661EFE /* Assets.xcassets */; };
		7C9BF59A2088F6DC002BF7B2 /* ApplicationKeys.swift in Sources */ = {isa = PBXBuildFile; fileRef = 7C9BF5972088F6DB002BF7B2 /* ApplicationKeys.swift */; };
		7C9BF59B2088F6DC002BF7B2 /* ApplicationDependencies.swift in Sources */ = {isa = PBXBuildFile; fileRef = 7C9BF5982088F6DB002BF7B2 /* ApplicationDependencies.swift */; };
		7C9BF59C2088F6DC002BF7B2 /* ApplicationFlowController.swift in Sources */ = {isa = PBXBuildFile; fileRef = 7C9BF5992088F6DB002BF7B2 /* ApplicationFlowController.swift */; };
		7C9BF59E2088F6F7002BF7B2 /* HockeyAppService.swift in Sources */ = {isa = PBXBuildFile; fileRef = 7C9BF59D2088F6F7002BF7B2 /* HockeyAppService.swift */; };
		7C9BF5A02088F712002BF7B2 /* HasDependency.swift in Sources */ = {isa = PBXBuildFile; fileRef = 7C9BF59F2088F712002BF7B2 /* HasDependency.swift */; };
		7C9BF5A42088F719002BF7B2 /* FlowController.swift in Sources */ = {isa = PBXBuildFile; fileRef = 7C9BF5A12088F719002BF7B2 /* FlowController.swift */; };
		7C9BF5A52088F719002BF7B2 /* AlertPresentable.swift in Sources */ = {isa = PBXBuildFile; fileRef = 7C9BF5A22088F719002BF7B2 /* AlertPresentable.swift */; };
		7C9BF5A62088F719002BF7B2 /* CrashLogger.swift in Sources */ = {isa = PBXBuildFile; fileRef = 7C9BF5A32088F719002BF7B2 /* CrashLogger.swift */; };
		7C9BF5A82088F7B2002BF7B2 /* LoginFlowController.swift in Sources */ = {isa = PBXBuildFile; fileRef = 7C9BF5A72088F7B2002BF7B2 /* LoginFlowController.swift */; };
		7C9BF5AA2088F844002BF7B2 /* TypedViewController.swift in Sources */ = {isa = PBXBuildFile; fileRef = 7C9BF5A92088F844002BF7B2 /* TypedViewController.swift */; };
		7C9BF5B02088FB64002BF7B2 /* DutieSplitKeys.m in Sources */ = {isa = PBXBuildFile; fileRef = 7C9BF5AE2088FB63002BF7B2 /* DutieSplitKeys.m */; };
		7C9BF5B12088FB64002BF7B2 /* Keys.podspec.json in Resources */ = {isa = PBXBuildFile; fileRef = 7C9BF5AF2088FB63002BF7B2 /* Keys.podspec.json */; };
		7C9BF5B32088FBEF002BF7B2 /* bitrise.yml in Resources */ = {isa = PBXBuildFile; fileRef = 7C9BF5B22088FBEF002BF7B2 /* bitrise.yml */; };
		7C9BF5B52088FC03002BF7B2 /* Cartfile in Resources */ = {isa = PBXBuildFile; fileRef = 7C9BF5B42088FC03002BF7B2 /* Cartfile */; };
		7C9BF5B72088FC08002BF7B2 /* Gemfile in Resources */ = {isa = PBXBuildFile; fileRef = 7C9BF5B62088FC08002BF7B2 /* Gemfile */; };
		7C9BF5BB2088FC31002BF7B2 /* Podfile in Resources */ = {isa = PBXBuildFile; fileRef = 7C9BF5BA2088FC31002BF7B2 /* Podfile */; };
		7C9BF5C32088FCA0002BF7B2 /* UICollectionViewExtension.swift in Sources */ = {isa = PBXBuildFile; fileRef = 7C9BF5BC2088FCA0002BF7B2 /* UICollectionViewExtension.swift */; };
		7C9BF5C42088FCA0002BF7B2 /* NSObjectExtension.swift in Sources */ = {isa = PBXBuildFile; fileRef = 7C9BF5BD2088FCA0002BF7B2 /* NSObjectExtension.swift */; };
		7C9BF5C52088FCA0002BF7B2 /* UIColorExtension.swift in Sources */ = {isa = PBXBuildFile; fileRef = 7C9BF5BE2088FCA0002BF7B2 /* UIColorExtension.swift */; };
		7C9BF5C62088FCA0002BF7B2 /* BoolExtension.swift in Sources */ = {isa = PBXBuildFile; fileRef = 7C9BF5BF2088FCA0002BF7B2 /* BoolExtension.swift */; };
		7C9BF5C72088FCA0002BF7B2 /* UIViewExtension+Constraint.swift in Sources */ = {isa = PBXBuildFile; fileRef = 7C9BF5C02088FCA0002BF7B2 /* UIViewExtension+Constraint.swift */; };
		7C9BF5C82088FCA0002BF7B2 /* UIDeviceExtension.swift in Sources */ = {isa = PBXBuildFile; fileRef = 7C9BF5C12088FCA0002BF7B2 /* UIDeviceExtension.swift */; };
		7C9BF5C92088FCA0002BF7B2 /* UITableViewExtension.swift in Sources */ = {isa = PBXBuildFile; fileRef = 7C9BF5C22088FCA0002BF7B2 /* UITableViewExtension.swift */; };
		7C9BF5CB2088FCCB002BF7B2 /* UIViewExtension.swift in Sources */ = {isa = PBXBuildFile; fileRef = 7C9BF5CA2088FCCB002BF7B2 /* UIViewExtension.swift */; };
		7C9BF5CD2088FD53002BF7B2 /* FlowAwareViewController.swift in Sources */ = {isa = PBXBuildFile; fileRef = 7C9BF5CC2088FD53002BF7B2 /* FlowAwareViewController.swift */; };
		7C9BF5CF2088FD95002BF7B2 /* NavigationBarSetupable.swift in Sources */ = {isa = PBXBuildFile; fileRef = 7C9BF5CE2088FD95002BF7B2 /* NavigationBarSetupable.swift */; };
		7C9BF5D12088FFC2002BF7B2 /* ViewModel.swift in Sources */ = {isa = PBXBuildFile; fileRef = 7C9BF5D02088FFC2002BF7B2 /* ViewModel.swift */; };
		7C9BF5D320890069002BF7B2 /* README.md in Resources */ = {isa = PBXBuildFile; fileRef = 7C9BF5D220890069002BF7B2 /* README.md */; };
		7C9BF5D6208902BE002BF7B2 /* BindingsSetupable.swift in Sources */ = {isa = PBXBuildFile; fileRef = 7C9BF5D5208902BE002BF7B2 /* BindingsSetupable.swift */; };
		7C9BF5DB2089059D002BF7B2 /* ViewSetupable.swift in Sources */ = {isa = PBXBuildFile; fileRef = 7C9BF5DA2089059D002BF7B2 /* ViewSetupable.swift */; };
		7C9BF5DD20890654002BF7B2 /* View.swift in Sources */ = {isa = PBXBuildFile; fileRef = 7C9BF5DC20890654002BF7B2 /* View.swift */; };
		7C9BF5E1208908D1002BF7B2 /* ViewController.swift in Sources */ = {isa = PBXBuildFile; fileRef = 7C9BF5E0208908D1002BF7B2 /* ViewController.swift */; };
		7C9BF5E320890E14002BF7B2 /* KeyboardAwareViewController.swift in Sources */ = {isa = PBXBuildFile; fileRef = 7C9BF5E220890E14002BF7B2 /* KeyboardAwareViewController.swift */; };
		7C9E1AC420AC92890027CF6E /* SectionHeader.swift in Sources */ = {isa = PBXBuildFile; fileRef = 7C9E1AC320AC92890027CF6E /* SectionHeader.swift */; };
		7C9E1AC620AC9C340027CF6E /* PersonTableViewCell.swift in Sources */ = {isa = PBXBuildFile; fileRef = 7C9E1AC520AC9C340027CF6E /* PersonTableViewCell.swift */; };
		7C9E1AC820AC9D780027CF6E /* ActivityTableViewCell.swift in Sources */ = {isa = PBXBuildFile; fileRef = 7C9E1AC720AC9D780027CF6E /* ActivityTableViewCell.swift */; };
		7C9E1ACA20ACA86D0027CF6E /* DashboardFlowController.swift in Sources */ = {isa = PBXBuildFile; fileRef = 7C9E1AC920ACA86D0027CF6E /* DashboardFlowController.swift */; };
		7C9FA3BE20839E500095E647 /* Localizable.strings in Resources */ = {isa = PBXBuildFile; fileRef = 7C9FA3BC20839E500095E647 /* Localizable.strings */; };
		7C9FA3BF20839E500095E647 /* Localizable.swift in Sources */ = {isa = PBXBuildFile; fileRef = 7C9FA3BD20839E500095E647 /* Localizable.swift */; };
		7CB54D9E209E219C007EC75D /* UITextFieldFactory.swift in Sources */ = {isa = PBXBuildFile; fileRef = 7CB54D9D209E219C007EC75D /* UITextFieldFactory.swift */; };
		7CB54DA0209EDC1D007EC75D /* Loader.swift in Sources */ = {isa = PBXBuildFile; fileRef = 7CB54D9F209EDC1D007EC75D /* Loader.swift */; };
		7CB54DA2209EDD04007EC75D /* DefaultLoader.swift in Sources */ = {isa = PBXBuildFile; fileRef = 7CB54DA1209EDD04007EC75D /* DefaultLoader.swift */; };
		7CB54DA4209EE89B007EC75D /* UIButtonFactory.swift in Sources */ = {isa = PBXBuildFile; fileRef = 7CB54DA3209EE89B007EC75D /* UIButtonFactory.swift */; };
		7CB54DA6209EF30B007EC75D /* UINavigationBarExtension.swift in Sources */ = {isa = PBXBuildFile; fileRef = 7CB54DA5209EF30B007EC75D /* UINavigationBarExtension.swift */; };
		7CB54DA9209F59BA007EC75D /* RegisterViewController.swift in Sources */ = {isa = PBXBuildFile; fileRef = 7CB54DA8209F59BA007EC75D /* RegisterViewController.swift */; };
		7CB54DAB209F59C2007EC75D /* RegisterViewModel.swift in Sources */ = {isa = PBXBuildFile; fileRef = 7CB54DAA209F59C2007EC75D /* RegisterViewModel.swift */; };
		7CB54DAD209F59CB007EC75D /* RegisterView.swift in Sources */ = {isa = PBXBuildFile; fileRef = 7CB54DAC209F59CB007EC75D /* RegisterView.swift */; };
		7CB54DAF209F613D007EC75D /* HomeFlowController.swift in Sources */ = {isa = PBXBuildFile; fileRef = 7CB54DAE209F613D007EC75D /* HomeFlowController.swift */; };
		7CC4567A20A5BB7F0037463B /* EmailValidator.swift in Sources */ = {isa = PBXBuildFile; fileRef = 7CC4567820A5BB7E0037463B /* EmailValidator.swift */; };
		7CC4567B20A5BB7F0037463B /* PasswordValidator.swift in Sources */ = {isa = PBXBuildFile; fileRef = 7CC4567920A5BB7F0037463B /* PasswordValidator.swift */; };
		7CC4567F20A5BDDD0037463B /* RegisterRequest.swift in Sources */ = {isa = PBXBuildFile; fileRef = 7CC4567E20A5BDDD0037463B /* RegisterRequest.swift */; };
		7CCB039620891033009E2680 /* LoginView.swift in Sources */ = {isa = PBXBuildFile; fileRef = 7CCB039520891033009E2680 /* LoginView.swift */; };
		7CCB03982089103B009E2680 /* LoginViewModel.swift in Sources */ = {isa = PBXBuildFile; fileRef = 7CCB03972089103B009E2680 /* LoginViewModel.swift */; };
		7CCB039A20891045009E2680 /* LoginViewController.swift in Sources */ = {isa = PBXBuildFile; fileRef = 7CCB039920891045009E2680 /* LoginViewController.swift */; };
		7CCB039C2089112E009E2680 /* SeparatorView.swift in Sources */ = {isa = PBXBuildFile; fileRef = 7CCB039B2089112E009E2680 /* SeparatorView.swift */; };
		7CCB039F2089144C009E2680 /* ViewControllerFactory.swift in Sources */ = {isa = PBXBuildFile; fileRef = 7CCB039E2089144C009E2680 /* ViewControllerFactory.swift */; };
		7CCB03A120891A3B009E2680 /* UIStackViewExtension.swift in Sources */ = {isa = PBXBuildFile; fileRef = 7CCB03A020891A3B009E2680 /* UIStackViewExtension.swift */; };
		7CCCC35220CBB3E1006D886A /* AddActivityFlowController.swift in Sources */ = {isa = PBXBuildFile; fileRef = 7CCCC35120CBB3E1006D886A /* AddActivityFlowController.swift */; };
		7CCCC35520CBB7AF006D886A /* AddActivityViewController.swift in Sources */ = {isa = PBXBuildFile; fileRef = 7CCCC35420CBB7AF006D886A /* AddActivityViewController.swift */; };
		7CCCC35720CBB7BE006D886A /* AddActivityViewModel.swift in Sources */ = {isa = PBXBuildFile; fileRef = 7CCCC35620CBB7BE006D886A /* AddActivityViewModel.swift */; };
		7CCCC35920CBB7C5006D886A /* AddActivityView.swift in Sources */ = {isa = PBXBuildFile; fileRef = 7CCCC35820CBB7C5006D886A /* AddActivityView.swift */; };
		7CCCC35B20CBC384006D886A /* ManageMenuCellType.swift in Sources */ = {isa = PBXBuildFile; fileRef = 7CCCC35A20CBC384006D886A /* ManageMenuCellType.swift */; };
		7CCCC35D20CBC4A2006D886A /* StaticSection.swift in Sources */ = {isa = PBXBuildFile; fileRef = 7CCCC35C20CBC4A2006D886A /* StaticSection.swift */; };
		7CCCC35F20CBC56B006D886A /* StaticSectionedMenu.swift in Sources */ = {isa = PBXBuildFile; fileRef = 7CCCC35E20CBC56B006D886A /* StaticSectionedMenu.swift */; };
		7CCCC36720CBDA45006D886A /* DutiesViewController.swift in Sources */ = {isa = PBXBuildFile; fileRef = 7CCCC36620CBDA45006D886A /* DutiesViewController.swift */; };
		7CCCC36920CBDA51006D886A /* DutiesViewModel.swift in Sources */ = {isa = PBXBuildFile; fileRef = 7CCCC36820CBDA51006D886A /* DutiesViewModel.swift */; };
		7CCCC36B20CBDA59006D886A /* DutiesView.swift in Sources */ = {isa = PBXBuildFile; fileRef = 7CCCC36A20CBDA59006D886A /* DutiesView.swift */; };
		7CCCC36D20CBDB19006D886A /* SettingsViewController.swift in Sources */ = {isa = PBXBuildFile; fileRef = 7CCCC36C20CBDB19006D886A /* SettingsViewController.swift */; };
		7CCCC36F20CBDB39006D886A /* SettingsViewModel.swift in Sources */ = {isa = PBXBuildFile; fileRef = 7CCCC36E20CBDB39006D886A /* SettingsViewModel.swift */; };
		7CCCC37120CBDB42006D886A /* SettingsView.swift in Sources */ = {isa = PBXBuildFile; fileRef = 7CCCC37020CBDB42006D886A /* SettingsView.swift */; };
		7CCCC37320CBDB8E006D886A /* ProfileViewController.swift in Sources */ = {isa = PBXBuildFile; fileRef = 7CCCC37220CBDB8E006D886A /* ProfileViewController.swift */; };
		7CCCC37520CBDB9B006D886A /* ProfileViewModel.swift in Sources */ = {isa = PBXBuildFile; fileRef = 7CCCC37420CBDB9B006D886A /* ProfileViewModel.swift */; };
		7CCCC37720CBDBA2006D886A /* ProfileView.swift in Sources */ = {isa = PBXBuildFile; fileRef = 7CCCC37620CBDBA2006D886A /* ProfileView.swift */; };
		7CCCC37920CBDBF7006D886A /* SwitchGroupViewController.swift in Sources */ = {isa = PBXBuildFile; fileRef = 7CCCC37820CBDBF7006D886A /* SwitchGroupViewController.swift */; };
		7CCCC37B20CBDC17006D886A /* SwitchGroupViewModel.swift in Sources */ = {isa = PBXBuildFile; fileRef = 7CCCC37A20CBDC17006D886A /* SwitchGroupViewModel.swift */; };
		7CCCC37D20CBDC1E006D886A /* SwitchGroupView.swift in Sources */ = {isa = PBXBuildFile; fileRef = 7CCCC37C20CBDC1E006D886A /* SwitchGroupView.swift */; };
		7CCCC38320CD9E2C006D886A /* URLSessionDataTaskResponse.swift in Sources */ = {isa = PBXBuildFile; fileRef = 7CCCC38220CD9E2C006D886A /* URLSessionDataTaskResponse.swift */; };
		7CCCC38620CDB042006D886A /* LoginSuccess.json in Resources */ = {isa = PBXBuildFile; fileRef = 7CCCC38520CDB042006D886A /* LoginSuccess.json */; };
		7CCCC38A20CDB0A2006D886A /* LoginFailure.json in Resources */ = {isa = PBXBuildFile; fileRef = 7CCCC38920CDB0A2006D886A /* LoginFailure.json */; };
		7CDE5C0720FB59B500F25F58 /* DutieTableViewCell.swift in Sources */ = {isa = PBXBuildFile; fileRef = 7CDE5C0620FB59B500F25F58 /* DutieTableViewCell.swift */; };
		7CE656DB20A5D84000BA8FCA /* DashboardViewController.swift in Sources */ = {isa = PBXBuildFile; fileRef = 7CE656DA20A5D84000BA8FCA /* DashboardViewController.swift */; };
		7CE656DD20A5D84A00BA8FCA /* DashboardView.swift in Sources */ = {isa = PBXBuildFile; fileRef = 7CE656DC20A5D84A00BA8FCA /* DashboardView.swift */; };
		7CE656DF20A5D85400BA8FCA /* DashboardViewModel.swift in Sources */ = {isa = PBXBuildFile; fileRef = 7CE656DE20A5D85400BA8FCA /* DashboardViewModel.swift */; };
		7CE656E120A5D86400BA8FCA /* ManageViewController.swift in Sources */ = {isa = PBXBuildFile; fileRef = 7CE656E020A5D86400BA8FCA /* ManageViewController.swift */; };
		7CE656E320A5D87200BA8FCA /* ManageViewModel.swift in Sources */ = {isa = PBXBuildFile; fileRef = 7CE656E220A5D87200BA8FCA /* ManageViewModel.swift */; };
		7CE656E520A5D87B00BA8FCA /* ManageView.swift in Sources */ = {isa = PBXBuildFile; fileRef = 7CE656E420A5D87B00BA8FCA /* ManageView.swift */; };
		7CE656E820A5ED2A00BA8FCA /* SubtitledTableViewCell.swift in Sources */ = {isa = PBXBuildFile; fileRef = 7CE656E720A5ED2A00BA8FCA /* SubtitledTableViewCell.swift */; };
		7CE656EA20A5F53A00BA8FCA /* TableViewCell.swift in Sources */ = {isa = PBXBuildFile; fileRef = 7CE656E920A5F53A00BA8FCA /* TableViewCell.swift */; };
		7CF7D55D209DC2C2003A3FC1 /* NetworkResponse.swift in Sources */ = {isa = PBXBuildFile; fileRef = 7CF7D556209DC2C1003A3FC1 /* NetworkResponse.swift */; };
		7CF7D55E209DC2C2003A3FC1 /* NetworkApplication.swift in Sources */ = {isa = PBXBuildFile; fileRef = 7CF7D557209DC2C1003A3FC1 /* NetworkApplication.swift */; };
		7CF7D55F209DC2C2003A3FC1 /* NetworkRequest.swift in Sources */ = {isa = PBXBuildFile; fileRef = 7CF7D558209DC2C1003A3FC1 /* NetworkRequest.swift */; };
		7CF7D560209DC2C2003A3FC1 /* NetworkService.swift in Sources */ = {isa = PBXBuildFile; fileRef = 7CF7D559209DC2C1003A3FC1 /* NetworkService.swift */; };
		7CF7D562209DC2C2003A3FC1 /* URLRequestExtension+Networking.swift in Sources */ = {isa = PBXBuildFile; fileRef = 7CF7D55B209DC2C1003A3FC1 /* URLRequestExtension+Networking.swift */; };
		7CF7D563209DC2C2003A3FC1 /* NetworkError.swift in Sources */ = {isa = PBXBuildFile; fileRef = 7CF7D55C209DC2C2003A3FC1 /* NetworkError.swift */; };
		7CF7D566209DC3A6003A3FC1 /* SecureStorageService.swift in Sources */ = {isa = PBXBuildFile; fileRef = 7CF7D564209DC3A6003A3FC1 /* SecureStorageService.swift */; };
		7CF7D567209DC3A6003A3FC1 /* AuthenticationService.swift in Sources */ = {isa = PBXBuildFile; fileRef = 7CF7D565209DC3A6003A3FC1 /* AuthenticationService.swift */; };
		7CF7D56D209DF68D003A3FC1 /* LoginRequest.swift in Sources */ = {isa = PBXBuildFile; fileRef = 7CF7D56C209DF68D003A3FC1 /* LoginRequest.swift */; };
		7CF7D56F209DF697003A3FC1 /* LoginResponse.swift in Sources */ = {isa = PBXBuildFile; fileRef = 7CF7D56E209DF697003A3FC1 /* LoginResponse.swift */; };
		7CF7D571209E03B7003A3FC1 /* NetworkStatus.swift in Sources */ = {isa = PBXBuildFile; fileRef = 7CF7D570209E03B7003A3FC1 /* NetworkStatus.swift */; };
		7CF7D573209E1D50003A3FC1 /* LaunchScreen.storyboard in Resources */ = {isa = PBXBuildFile; fileRef = 7CF7D572209E1D50003A3FC1 /* LaunchScreen.storyboard */; };
/* End PBXBuildFile section */

/* Begin PBXContainerItemProxy section */
		7C9B8F842083946400661EFE /* PBXContainerItemProxy */ = {
			isa = PBXContainerItemProxy;
			containerPortal = 7C9B8F672083946200661EFE /* Project object */;
			proxyType = 1;
			remoteGlobalIDString = 7C9B8F6E2083946200661EFE;
			remoteInfo = DutieSplit;
		};
/* End PBXContainerItemProxy section */

/* Begin PBXFileReference section */
		7C19903D20B9EAEB00DF098E /* MockApplicationDependencies.swift */ = {isa = PBXFileReference; lastKnownFileType = sourcecode.swift; path = MockApplicationDependencies.swift; sourceTree = "<group>"; };
		7C19904120B9EB7900DF098E /* MockCrashLogger.swift */ = {isa = PBXFileReference; lastKnownFileType = sourcecode.swift; path = MockCrashLogger.swift; sourceTree = "<group>"; };
		7C19904320B9EC1C00DF098E /* MockSecureStorageService.swift */ = {isa = PBXFileReference; lastKnownFileType = sourcecode.swift; path = MockSecureStorageService.swift; sourceTree = "<group>"; };
		7C19904520B9EC9B00DF098E /* MockAuthenticationService.swift */ = {isa = PBXFileReference; lastKnownFileType = sourcecode.swift; path = MockAuthenticationService.swift; sourceTree = "<group>"; };
		7C19904720B9EDD900DF098E /* MockNetworkService.swift */ = {isa = PBXFileReference; lastKnownFileType = sourcecode.swift; path = MockNetworkService.swift; sourceTree = "<group>"; };
		7C19904920B9FBEF00DF098E /* LoginViewModelSpec.swift */ = {isa = PBXFileReference; lastKnownFileType = sourcecode.swift; path = LoginViewModelSpec.swift; sourceTree = "<group>"; };
		7C33DFBD20BC7F0C00784D63 /* RegisterViewModelSpec.swift */ = {isa = PBXFileReference; lastKnownFileType = sourcecode.swift; path = RegisterViewModelSpec.swift; sourceTree = "<group>"; };
		7C33DFBF20BC84E400784D63 /* AuthenticationServiceSpec.swift */ = {isa = PBXFileReference; lastKnownFileType = sourcecode.swift; path = AuthenticationServiceSpec.swift; sourceTree = "<group>"; };
		7C4F2C6820A5C70000E19EB0 /* HomeTabBarController.swift */ = {isa = PBXFileReference; lastKnownFileType = sourcecode.swift; path = HomeTabBarController.swift; sourceTree = "<group>"; };
		7C7E9E6A20AE185D0034D448 /* ManageFlowController.swift */ = {isa = PBXFileReference; lastKnownFileType = sourcecode.swift; path = ManageFlowController.swift; sourceTree = "<group>"; };
		7C7E9E6D20AE1D5F0034D448 /* ManageTableViewCell.swift */ = {isa = PBXFileReference; lastKnownFileType = sourcecode.swift; path = ManageTableViewCell.swift; sourceTree = "<group>"; };
		7C9B8F6F2083946200661EFE /* DutieSplit.app */ = {isa = PBXFileReference; explicitFileType = wrapper.application; includeInIndex = 0; path = DutieSplit.app; sourceTree = BUILT_PRODUCTS_DIR; };
		7C9B8F722083946200661EFE /* ApplicationDelegate.swift */ = {isa = PBXFileReference; lastKnownFileType = sourcecode.swift; path = ApplicationDelegate.swift; sourceTree = "<group>"; };
		7C9B8F792083946400661EFE /* Assets.xcassets */ = {isa = PBXFileReference; lastKnownFileType = folder.assetcatalog; path = Assets.xcassets; sourceTree = "<group>"; };
		7C9B8F7E2083946400661EFE /* Info.plist */ = {isa = PBXFileReference; lastKnownFileType = text.plist.xml; path = Info.plist; sourceTree = "<group>"; };
		7C9B8F832083946400661EFE /* DutieSplitTests.xctest */ = {isa = PBXFileReference; explicitFileType = wrapper.cfbundle; includeInIndex = 0; path = DutieSplitTests.xctest; sourceTree = BUILT_PRODUCTS_DIR; };
		7C9B8F892083946400661EFE /* Info.plist */ = {isa = PBXFileReference; lastKnownFileType = text.plist.xml; path = Info.plist; sourceTree = "<group>"; };
		7C9BF5972088F6DB002BF7B2 /* ApplicationKeys.swift */ = {isa = PBXFileReference; fileEncoding = 4; lastKnownFileType = sourcecode.swift; path = ApplicationKeys.swift; sourceTree = "<group>"; };
		7C9BF5982088F6DB002BF7B2 /* ApplicationDependencies.swift */ = {isa = PBXFileReference; fileEncoding = 4; lastKnownFileType = sourcecode.swift; path = ApplicationDependencies.swift; sourceTree = "<group>"; };
		7C9BF5992088F6DB002BF7B2 /* ApplicationFlowController.swift */ = {isa = PBXFileReference; fileEncoding = 4; lastKnownFileType = sourcecode.swift; path = ApplicationFlowController.swift; sourceTree = "<group>"; };
		7C9BF59D2088F6F7002BF7B2 /* HockeyAppService.swift */ = {isa = PBXFileReference; fileEncoding = 4; lastKnownFileType = sourcecode.swift; path = HockeyAppService.swift; sourceTree = "<group>"; };
		7C9BF59F2088F712002BF7B2 /* HasDependency.swift */ = {isa = PBXFileReference; fileEncoding = 4; lastKnownFileType = sourcecode.swift; path = HasDependency.swift; sourceTree = "<group>"; };
		7C9BF5A12088F719002BF7B2 /* FlowController.swift */ = {isa = PBXFileReference; fileEncoding = 4; lastKnownFileType = sourcecode.swift; path = FlowController.swift; sourceTree = "<group>"; };
		7C9BF5A22088F719002BF7B2 /* AlertPresentable.swift */ = {isa = PBXFileReference; fileEncoding = 4; lastKnownFileType = sourcecode.swift; path = AlertPresentable.swift; sourceTree = "<group>"; };
		7C9BF5A32088F719002BF7B2 /* CrashLogger.swift */ = {isa = PBXFileReference; fileEncoding = 4; lastKnownFileType = sourcecode.swift; path = CrashLogger.swift; sourceTree = "<group>"; };
		7C9BF5A72088F7B2002BF7B2 /* LoginFlowController.swift */ = {isa = PBXFileReference; fileEncoding = 4; lastKnownFileType = sourcecode.swift; path = LoginFlowController.swift; sourceTree = "<group>"; };
		7C9BF5A92088F844002BF7B2 /* TypedViewController.swift */ = {isa = PBXFileReference; fileEncoding = 4; lastKnownFileType = sourcecode.swift; path = TypedViewController.swift; sourceTree = "<group>"; };
		7C9BF5AD2088FB63002BF7B2 /* DutieSplitKeys.h */ = {isa = PBXFileReference; fileEncoding = 4; lastKnownFileType = sourcecode.c.h; path = DutieSplitKeys.h; sourceTree = "<group>"; };
		7C9BF5AE2088FB63002BF7B2 /* DutieSplitKeys.m */ = {isa = PBXFileReference; fileEncoding = 4; lastKnownFileType = sourcecode.c.objc; path = DutieSplitKeys.m; sourceTree = "<group>"; };
		7C9BF5AF2088FB63002BF7B2 /* Keys.podspec.json */ = {isa = PBXFileReference; fileEncoding = 4; lastKnownFileType = text.json; path = Keys.podspec.json; sourceTree = "<group>"; };
		7C9BF5B22088FBEF002BF7B2 /* bitrise.yml */ = {isa = PBXFileReference; fileEncoding = 4; lastKnownFileType = text; name = bitrise.yml; path = "Supporting files/bitrise.yml"; sourceTree = SOURCE_ROOT; };
		7C9BF5B42088FC03002BF7B2 /* Cartfile */ = {isa = PBXFileReference; fileEncoding = 4; lastKnownFileType = text; path = Cartfile; sourceTree = SOURCE_ROOT; };
		7C9BF5B62088FC08002BF7B2 /* Gemfile */ = {isa = PBXFileReference; fileEncoding = 4; lastKnownFileType = text; path = Gemfile; sourceTree = SOURCE_ROOT; };
		7C9BF5BA2088FC31002BF7B2 /* Podfile */ = {isa = PBXFileReference; fileEncoding = 4; lastKnownFileType = text; path = Podfile; sourceTree = SOURCE_ROOT; };
		7C9BF5BC2088FCA0002BF7B2 /* UICollectionViewExtension.swift */ = {isa = PBXFileReference; fileEncoding = 4; lastKnownFileType = sourcecode.swift; path = UICollectionViewExtension.swift; sourceTree = "<group>"; };
		7C9BF5BD2088FCA0002BF7B2 /* NSObjectExtension.swift */ = {isa = PBXFileReference; fileEncoding = 4; lastKnownFileType = sourcecode.swift; path = NSObjectExtension.swift; sourceTree = "<group>"; };
		7C9BF5BE2088FCA0002BF7B2 /* UIColorExtension.swift */ = {isa = PBXFileReference; fileEncoding = 4; lastKnownFileType = sourcecode.swift; path = UIColorExtension.swift; sourceTree = "<group>"; };
		7C9BF5BF2088FCA0002BF7B2 /* BoolExtension.swift */ = {isa = PBXFileReference; fileEncoding = 4; lastKnownFileType = sourcecode.swift; path = BoolExtension.swift; sourceTree = "<group>"; };
		7C9BF5C02088FCA0002BF7B2 /* UIViewExtension+Constraint.swift */ = {isa = PBXFileReference; fileEncoding = 4; lastKnownFileType = sourcecode.swift; path = "UIViewExtension+Constraint.swift"; sourceTree = "<group>"; };
		7C9BF5C12088FCA0002BF7B2 /* UIDeviceExtension.swift */ = {isa = PBXFileReference; fileEncoding = 4; lastKnownFileType = sourcecode.swift; path = UIDeviceExtension.swift; sourceTree = "<group>"; };
		7C9BF5C22088FCA0002BF7B2 /* UITableViewExtension.swift */ = {isa = PBXFileReference; fileEncoding = 4; lastKnownFileType = sourcecode.swift; path = UITableViewExtension.swift; sourceTree = "<group>"; };
		7C9BF5CA2088FCCB002BF7B2 /* UIViewExtension.swift */ = {isa = PBXFileReference; lastKnownFileType = sourcecode.swift; path = UIViewExtension.swift; sourceTree = "<group>"; };
		7C9BF5CC2088FD53002BF7B2 /* FlowAwareViewController.swift */ = {isa = PBXFileReference; fileEncoding = 4; lastKnownFileType = sourcecode.swift; path = FlowAwareViewController.swift; sourceTree = "<group>"; };
		7C9BF5CE2088FD95002BF7B2 /* NavigationBarSetupable.swift */ = {isa = PBXFileReference; lastKnownFileType = sourcecode.swift; path = NavigationBarSetupable.swift; sourceTree = "<group>"; };
		7C9BF5D02088FFC2002BF7B2 /* ViewModel.swift */ = {isa = PBXFileReference; fileEncoding = 4; lastKnownFileType = sourcecode.swift; path = ViewModel.swift; sourceTree = "<group>"; };
		7C9BF5D220890069002BF7B2 /* README.md */ = {isa = PBXFileReference; fileEncoding = 4; lastKnownFileType = net.daringfireball.markdown; path = README.md; sourceTree = SOURCE_ROOT; };
		7C9BF5D5208902BE002BF7B2 /* BindingsSetupable.swift */ = {isa = PBXFileReference; lastKnownFileType = sourcecode.swift; path = BindingsSetupable.swift; sourceTree = "<group>"; };
		7C9BF5DA2089059D002BF7B2 /* ViewSetupable.swift */ = {isa = PBXFileReference; lastKnownFileType = sourcecode.swift; path = ViewSetupable.swift; sourceTree = "<group>"; };
		7C9BF5DC20890654002BF7B2 /* View.swift */ = {isa = PBXFileReference; lastKnownFileType = sourcecode.swift; path = View.swift; sourceTree = "<group>"; };
		7C9BF5E0208908D1002BF7B2 /* ViewController.swift */ = {isa = PBXFileReference; fileEncoding = 4; lastKnownFileType = sourcecode.swift; path = ViewController.swift; sourceTree = "<group>"; };
		7C9BF5E220890E14002BF7B2 /* KeyboardAwareViewController.swift */ = {isa = PBXFileReference; fileEncoding = 4; lastKnownFileType = sourcecode.swift; path = KeyboardAwareViewController.swift; sourceTree = "<group>"; };
		7C9E1AC320AC92890027CF6E /* SectionHeader.swift */ = {isa = PBXFileReference; lastKnownFileType = sourcecode.swift; path = SectionHeader.swift; sourceTree = "<group>"; };
		7C9E1AC520AC9C340027CF6E /* PersonTableViewCell.swift */ = {isa = PBXFileReference; lastKnownFileType = sourcecode.swift; path = PersonTableViewCell.swift; sourceTree = "<group>"; };
		7C9E1AC720AC9D780027CF6E /* ActivityTableViewCell.swift */ = {isa = PBXFileReference; lastKnownFileType = sourcecode.swift; path = ActivityTableViewCell.swift; sourceTree = "<group>"; };
		7C9E1AC920ACA86D0027CF6E /* DashboardFlowController.swift */ = {isa = PBXFileReference; lastKnownFileType = sourcecode.swift; path = DashboardFlowController.swift; sourceTree = "<group>"; };
		7C9FA396208399000095E647 /* App-AppStore.xcconfig */ = {isa = PBXFileReference; fileEncoding = 4; lastKnownFileType = text.xcconfig; path = "App-AppStore.xcconfig"; sourceTree = "<group>"; };
		7C9FA397208399000095E647 /* App-Beta.xcconfig */ = {isa = PBXFileReference; fileEncoding = 4; lastKnownFileType = text.xcconfig; path = "App-Beta.xcconfig"; sourceTree = "<group>"; };
		7C9FA398208399000095E647 /* App-Development.xcconfig */ = {isa = PBXFileReference; fileEncoding = 4; lastKnownFileType = text.xcconfig; path = "App-Development.xcconfig"; sourceTree = "<group>"; };
		7C9FA399208399000095E647 /* Test-Common.xcconfig */ = {isa = PBXFileReference; fileEncoding = 4; lastKnownFileType = text.xcconfig; path = "Test-Common.xcconfig"; sourceTree = "<group>"; };
		7C9FA39A208399000095E647 /* App-Staging.xcconfig */ = {isa = PBXFileReference; fileEncoding = 4; lastKnownFileType = text.xcconfig; path = "App-Staging.xcconfig"; sourceTree = "<group>"; };
		7C9FA39B208399000095E647 /* App-Common.xcconfig */ = {isa = PBXFileReference; fileEncoding = 4; lastKnownFileType = text.xcconfig; path = "App-Common.xcconfig"; sourceTree = "<group>"; };
		7C9FA3AF20839AE00095E647 /* Bridging-Header.h */ = {isa = PBXFileReference; lastKnownFileType = sourcecode.c.h; path = "Bridging-Header.h"; sourceTree = "<group>"; };
		7C9FA3BC20839E500095E647 /* Localizable.strings */ = {isa = PBXFileReference; fileEncoding = 4; lastKnownFileType = text.plist.strings; path = Localizable.strings; sourceTree = "<group>"; };
		7C9FA3BD20839E500095E647 /* Localizable.swift */ = {isa = PBXFileReference; fileEncoding = 4; lastKnownFileType = sourcecode.swift; path = Localizable.swift; sourceTree = "<group>"; };
		7CB54D9D209E219C007EC75D /* UITextFieldFactory.swift */ = {isa = PBXFileReference; lastKnownFileType = sourcecode.swift; path = UITextFieldFactory.swift; sourceTree = "<group>"; };
		7CB54D9F209EDC1D007EC75D /* Loader.swift */ = {isa = PBXFileReference; lastKnownFileType = sourcecode.swift; path = Loader.swift; sourceTree = "<group>"; };
		7CB54DA1209EDD04007EC75D /* DefaultLoader.swift */ = {isa = PBXFileReference; lastKnownFileType = sourcecode.swift; path = DefaultLoader.swift; sourceTree = "<group>"; };
		7CB54DA3209EE89B007EC75D /* UIButtonFactory.swift */ = {isa = PBXFileReference; lastKnownFileType = sourcecode.swift; path = UIButtonFactory.swift; sourceTree = "<group>"; };
		7CB54DA5209EF30B007EC75D /* UINavigationBarExtension.swift */ = {isa = PBXFileReference; lastKnownFileType = sourcecode.swift; path = UINavigationBarExtension.swift; sourceTree = "<group>"; };
		7CB54DA8209F59BA007EC75D /* RegisterViewController.swift */ = {isa = PBXFileReference; lastKnownFileType = sourcecode.swift; path = RegisterViewController.swift; sourceTree = "<group>"; };
		7CB54DAA209F59C2007EC75D /* RegisterViewModel.swift */ = {isa = PBXFileReference; lastKnownFileType = sourcecode.swift; path = RegisterViewModel.swift; sourceTree = "<group>"; };
		7CB54DAC209F59CB007EC75D /* RegisterView.swift */ = {isa = PBXFileReference; lastKnownFileType = sourcecode.swift; path = RegisterView.swift; sourceTree = "<group>"; };
		7CB54DAE209F613D007EC75D /* HomeFlowController.swift */ = {isa = PBXFileReference; lastKnownFileType = sourcecode.swift; path = HomeFlowController.swift; sourceTree = "<group>"; };
		7CC4567820A5BB7E0037463B /* EmailValidator.swift */ = {isa = PBXFileReference; fileEncoding = 4; lastKnownFileType = sourcecode.swift; path = EmailValidator.swift; sourceTree = "<group>"; };
		7CC4567920A5BB7F0037463B /* PasswordValidator.swift */ = {isa = PBXFileReference; fileEncoding = 4; lastKnownFileType = sourcecode.swift; path = PasswordValidator.swift; sourceTree = "<group>"; };
		7CC4567E20A5BDDD0037463B /* RegisterRequest.swift */ = {isa = PBXFileReference; lastKnownFileType = sourcecode.swift; path = RegisterRequest.swift; sourceTree = "<group>"; };
		7CCB039520891033009E2680 /* LoginView.swift */ = {isa = PBXFileReference; lastKnownFileType = sourcecode.swift; path = LoginView.swift; sourceTree = "<group>"; };
		7CCB03972089103B009E2680 /* LoginViewModel.swift */ = {isa = PBXFileReference; lastKnownFileType = sourcecode.swift; path = LoginViewModel.swift; sourceTree = "<group>"; };
		7CCB039920891045009E2680 /* LoginViewController.swift */ = {isa = PBXFileReference; lastKnownFileType = sourcecode.swift; path = LoginViewController.swift; sourceTree = "<group>"; };
		7CCB039B2089112E009E2680 /* SeparatorView.swift */ = {isa = PBXFileReference; fileEncoding = 4; lastKnownFileType = sourcecode.swift; path = SeparatorView.swift; sourceTree = "<group>"; };
		7CCB039E2089144C009E2680 /* ViewControllerFactory.swift */ = {isa = PBXFileReference; lastKnownFileType = sourcecode.swift; path = ViewControllerFactory.swift; sourceTree = "<group>"; };
		7CCB03A020891A3B009E2680 /* UIStackViewExtension.swift */ = {isa = PBXFileReference; lastKnownFileType = sourcecode.swift; path = UIStackViewExtension.swift; sourceTree = "<group>"; };
		7CCCC35120CBB3E1006D886A /* AddActivityFlowController.swift */ = {isa = PBXFileReference; lastKnownFileType = sourcecode.swift; path = AddActivityFlowController.swift; sourceTree = "<group>"; };
		7CCCC35420CBB7AF006D886A /* AddActivityViewController.swift */ = {isa = PBXFileReference; lastKnownFileType = sourcecode.swift; path = AddActivityViewController.swift; sourceTree = "<group>"; };
		7CCCC35620CBB7BE006D886A /* AddActivityViewModel.swift */ = {isa = PBXFileReference; lastKnownFileType = sourcecode.swift; path = AddActivityViewModel.swift; sourceTree = "<group>"; };
		7CCCC35820CBB7C5006D886A /* AddActivityView.swift */ = {isa = PBXFileReference; lastKnownFileType = sourcecode.swift; path = AddActivityView.swift; sourceTree = "<group>"; };
		7CCCC35A20CBC384006D886A /* ManageMenuCellType.swift */ = {isa = PBXFileReference; lastKnownFileType = sourcecode.swift; path = ManageMenuCellType.swift; sourceTree = "<group>"; };
		7CCCC35C20CBC4A2006D886A /* StaticSection.swift */ = {isa = PBXFileReference; lastKnownFileType = sourcecode.swift; path = StaticSection.swift; sourceTree = "<group>"; };
		7CCCC35E20CBC56B006D886A /* StaticSectionedMenu.swift */ = {isa = PBXFileReference; lastKnownFileType = sourcecode.swift; path = StaticSectionedMenu.swift; sourceTree = "<group>"; };
		7CCCC36620CBDA45006D886A /* DutiesViewController.swift */ = {isa = PBXFileReference; lastKnownFileType = sourcecode.swift; path = DutiesViewController.swift; sourceTree = "<group>"; };
		7CCCC36820CBDA51006D886A /* DutiesViewModel.swift */ = {isa = PBXFileReference; lastKnownFileType = sourcecode.swift; path = DutiesViewModel.swift; sourceTree = "<group>"; };
		7CCCC36A20CBDA59006D886A /* DutiesView.swift */ = {isa = PBXFileReference; lastKnownFileType = sourcecode.swift; path = DutiesView.swift; sourceTree = "<group>"; };
		7CCCC36C20CBDB19006D886A /* SettingsViewController.swift */ = {isa = PBXFileReference; lastKnownFileType = sourcecode.swift; path = SettingsViewController.swift; sourceTree = "<group>"; };
		7CCCC36E20CBDB39006D886A /* SettingsViewModel.swift */ = {isa = PBXFileReference; lastKnownFileType = sourcecode.swift; path = SettingsViewModel.swift; sourceTree = "<group>"; };
		7CCCC37020CBDB42006D886A /* SettingsView.swift */ = {isa = PBXFileReference; lastKnownFileType = sourcecode.swift; path = SettingsView.swift; sourceTree = "<group>"; };
		7CCCC37220CBDB8E006D886A /* ProfileViewController.swift */ = {isa = PBXFileReference; lastKnownFileType = sourcecode.swift; path = ProfileViewController.swift; sourceTree = "<group>"; };
		7CCCC37420CBDB9B006D886A /* ProfileViewModel.swift */ = {isa = PBXFileReference; lastKnownFileType = sourcecode.swift; path = ProfileViewModel.swift; sourceTree = "<group>"; };
		7CCCC37620CBDBA2006D886A /* ProfileView.swift */ = {isa = PBXFileReference; lastKnownFileType = sourcecode.swift; path = ProfileView.swift; sourceTree = "<group>"; };
		7CCCC37820CBDBF7006D886A /* SwitchGroupViewController.swift */ = {isa = PBXFileReference; lastKnownFileType = sourcecode.swift; path = SwitchGroupViewController.swift; sourceTree = "<group>"; };
		7CCCC37A20CBDC17006D886A /* SwitchGroupViewModel.swift */ = {isa = PBXFileReference; lastKnownFileType = sourcecode.swift; path = SwitchGroupViewModel.swift; sourceTree = "<group>"; };
		7CCCC37C20CBDC1E006D886A /* SwitchGroupView.swift */ = {isa = PBXFileReference; lastKnownFileType = sourcecode.swift; path = SwitchGroupView.swift; sourceTree = "<group>"; };
		7CCCC38220CD9E2C006D886A /* URLSessionDataTaskResponse.swift */ = {isa = PBXFileReference; lastKnownFileType = sourcecode.swift; path = URLSessionDataTaskResponse.swift; sourceTree = "<group>"; };
		7CCCC38520CDB042006D886A /* LoginSuccess.json */ = {isa = PBXFileReference; lastKnownFileType = text.json; path = LoginSuccess.json; sourceTree = "<group>"; };
		7CCCC38920CDB0A2006D886A /* LoginFailure.json */ = {isa = PBXFileReference; lastKnownFileType = text.json; path = LoginFailure.json; sourceTree = "<group>"; };
		7CDE5C0620FB59B500F25F58 /* DutieTableViewCell.swift */ = {isa = PBXFileReference; lastKnownFileType = sourcecode.swift; path = DutieTableViewCell.swift; sourceTree = "<group>"; };
		7CE656DA20A5D84000BA8FCA /* DashboardViewController.swift */ = {isa = PBXFileReference; lastKnownFileType = sourcecode.swift; path = DashboardViewController.swift; sourceTree = "<group>"; };
		7CE656DC20A5D84A00BA8FCA /* DashboardView.swift */ = {isa = PBXFileReference; lastKnownFileType = sourcecode.swift; path = DashboardView.swift; sourceTree = "<group>"; };
		7CE656DE20A5D85400BA8FCA /* DashboardViewModel.swift */ = {isa = PBXFileReference; lastKnownFileType = sourcecode.swift; path = DashboardViewModel.swift; sourceTree = "<group>"; };
		7CE656E020A5D86400BA8FCA /* ManageViewController.swift */ = {isa = PBXFileReference; lastKnownFileType = sourcecode.swift; path = ManageViewController.swift; sourceTree = "<group>"; };
		7CE656E220A5D87200BA8FCA /* ManageViewModel.swift */ = {isa = PBXFileReference; lastKnownFileType = sourcecode.swift; path = ManageViewModel.swift; sourceTree = "<group>"; };
		7CE656E420A5D87B00BA8FCA /* ManageView.swift */ = {isa = PBXFileReference; lastKnownFileType = sourcecode.swift; path = ManageView.swift; sourceTree = "<group>"; };
		7CE656E720A5ED2A00BA8FCA /* SubtitledTableViewCell.swift */ = {isa = PBXFileReference; lastKnownFileType = sourcecode.swift; path = SubtitledTableViewCell.swift; sourceTree = "<group>"; };
		7CE656E920A5F53A00BA8FCA /* TableViewCell.swift */ = {isa = PBXFileReference; lastKnownFileType = sourcecode.swift; path = TableViewCell.swift; sourceTree = "<group>"; };
		7CF7D556209DC2C1003A3FC1 /* NetworkResponse.swift */ = {isa = PBXFileReference; fileEncoding = 4; lastKnownFileType = sourcecode.swift; path = NetworkResponse.swift; sourceTree = "<group>"; };
		7CF7D557209DC2C1003A3FC1 /* NetworkApplication.swift */ = {isa = PBXFileReference; fileEncoding = 4; lastKnownFileType = sourcecode.swift; path = NetworkApplication.swift; sourceTree = "<group>"; };
		7CF7D558209DC2C1003A3FC1 /* NetworkRequest.swift */ = {isa = PBXFileReference; fileEncoding = 4; lastKnownFileType = sourcecode.swift; path = NetworkRequest.swift; sourceTree = "<group>"; };
		7CF7D559209DC2C1003A3FC1 /* NetworkService.swift */ = {isa = PBXFileReference; fileEncoding = 4; lastKnownFileType = sourcecode.swift; path = NetworkService.swift; sourceTree = "<group>"; };
		7CF7D55B209DC2C1003A3FC1 /* URLRequestExtension+Networking.swift */ = {isa = PBXFileReference; fileEncoding = 4; lastKnownFileType = sourcecode.swift; path = "URLRequestExtension+Networking.swift"; sourceTree = "<group>"; };
		7CF7D55C209DC2C2003A3FC1 /* NetworkError.swift */ = {isa = PBXFileReference; fileEncoding = 4; lastKnownFileType = sourcecode.swift; path = NetworkError.swift; sourceTree = "<group>"; };
		7CF7D564209DC3A6003A3FC1 /* SecureStorageService.swift */ = {isa = PBXFileReference; fileEncoding = 4; lastKnownFileType = sourcecode.swift; path = SecureStorageService.swift; sourceTree = "<group>"; };
		7CF7D565209DC3A6003A3FC1 /* AuthenticationService.swift */ = {isa = PBXFileReference; fileEncoding = 4; lastKnownFileType = sourcecode.swift; path = AuthenticationService.swift; sourceTree = "<group>"; };
		7CF7D56C209DF68D003A3FC1 /* LoginRequest.swift */ = {isa = PBXFileReference; lastKnownFileType = sourcecode.swift; path = LoginRequest.swift; sourceTree = "<group>"; };
		7CF7D56E209DF697003A3FC1 /* LoginResponse.swift */ = {isa = PBXFileReference; lastKnownFileType = sourcecode.swift; path = LoginResponse.swift; sourceTree = "<group>"; };
		7CF7D570209E03B7003A3FC1 /* NetworkStatus.swift */ = {isa = PBXFileReference; fileEncoding = 4; lastKnownFileType = sourcecode.swift; path = NetworkStatus.swift; sourceTree = "<group>"; };
		7CF7D572209E1D50003A3FC1 /* LaunchScreen.storyboard */ = {isa = PBXFileReference; lastKnownFileType = file.storyboard; path = LaunchScreen.storyboard; sourceTree = "<group>"; };
/* End PBXFileReference section */

/* Begin PBXFrameworksBuildPhase section */
		7C9B8F6C2083946200661EFE /* Frameworks */ = {
			isa = PBXFrameworksBuildPhase;
			buildActionMask = 2147483647;
			files = (
			);
			runOnlyForDeploymentPostprocessing = 0;
		};
		7C9B8F802083946400661EFE /* Frameworks */ = {
			isa = PBXFrameworksBuildPhase;
			buildActionMask = 2147483647;
			files = (
			);
			runOnlyForDeploymentPostprocessing = 0;
		};
/* End PBXFrameworksBuildPhase section */

/* Begin PBXGroup section */
		7C19903320B98C7900DF098E /* Specs */ = {
			isa = PBXGroup;
			children = (
				7C19904920B9FBEF00DF098E /* LoginViewModelSpec.swift */,
				7C33DFBD20BC7F0C00784D63 /* RegisterViewModelSpec.swift */,
				7C33DFBF20BC84E400784D63 /* AuthenticationServiceSpec.swift */,
			);
			path = Specs;
			sourceTree = "<group>";
		};
		7C19903420B98C7E00DF098E /* Mocks */ = {
			isa = PBXGroup;
			children = (
				7C19903D20B9EAEB00DF098E /* MockApplicationDependencies.swift */,
				7C19904120B9EB7900DF098E /* MockCrashLogger.swift */,
				7C19904320B9EC1C00DF098E /* MockSecureStorageService.swift */,
				7C19904520B9EC9B00DF098E /* MockAuthenticationService.swift */,
				7C19904720B9EDD900DF098E /* MockNetworkService.swift */,
			);
			path = Mocks;
			sourceTree = "<group>";
		};
		7C7E9E6920AE18420034D448 /* Root */ = {
			isa = PBXGroup;
			children = (
				7C7E9E6C20AE1D4B0034D448 /* Cells */,
				7CE656E020A5D86400BA8FCA /* ManageViewController.swift */,
				7CE656E220A5D87200BA8FCA /* ManageViewModel.swift */,
				7CE656E420A5D87B00BA8FCA /* ManageView.swift */,
			);
			path = Root;
			sourceTree = "<group>";
		};
		7C7E9E6C20AE1D4B0034D448 /* Cells */ = {
			isa = PBXGroup;
			children = (
				7CCCC35A20CBC384006D886A /* ManageMenuCellType.swift */,
				7C7E9E6D20AE1D5F0034D448 /* ManageTableViewCell.swift */,
			);
			path = Cells;
			sourceTree = "<group>";
		};
		7C9B8F662083946200661EFE = {
			isa = PBXGroup;
			children = (
				7C9B8F712083946200661EFE /* DutieSplit */,
				7C9B8F862083946400661EFE /* DutieSplitTests */,
				7C9BF5AB2088FB3B002BF7B2 /* Supporting files */,
				7C9FA395208399000095E647 /* Configuration */,
				7C9B8F702083946200661EFE /* Products */,
			);
			sourceTree = "<group>";
		};
		7C9B8F702083946200661EFE /* Products */ = {
			isa = PBXGroup;
			children = (
				7C9B8F6F2083946200661EFE /* DutieSplit.app */,
				7C9B8F832083946400661EFE /* DutieSplitTests.xctest */,
			);
			name = Products;
			sourceTree = "<group>";
		};
		7C9B8F712083946200661EFE /* DutieSplit */ = {
			isa = PBXGroup;
			children = (
				7C9FA3AE20839AC60095E647 /* Source Files */,
				7C9FA3AD20839AC10095E647 /* Resources */,
				7C9FA3AC20839AB70095E647 /* Supporting Files */,
			);
			path = DutieSplit;
			sourceTree = "<group>";
		};
		7C9B8F862083946400661EFE /* DutieSplitTests */ = {
			isa = PBXGroup;
			children = (
				7C19903320B98C7900DF098E /* Specs */,
				7CCCC38420CDAFDA006D886A /* Fixture responses */,
				7C19903420B98C7E00DF098E /* Mocks */,
				7C9FA3AB20839A9D0095E647 /* Supporting Files */,
			);
			path = DutieSplitTests;
			sourceTree = "<group>";
		};
		7C9BF5AB2088FB3B002BF7B2 /* Supporting files */ = {
			isa = PBXGroup;
			children = (
				7C9BF5AC2088FB63002BF7B2 /* CocoaPodsKeys */,
				7C9BF5D220890069002BF7B2 /* README.md */,
				7C9BF5B22088FBEF002BF7B2 /* bitrise.yml */,
				7C9BF5B42088FC03002BF7B2 /* Cartfile */,
				7C9BF5B62088FC08002BF7B2 /* Gemfile */,
				7C9BF5BA2088FC31002BF7B2 /* Podfile */,
			);
			path = "Supporting files";
			sourceTree = "<group>";
		};
		7C9BF5AC2088FB63002BF7B2 /* CocoaPodsKeys */ = {
			isa = PBXGroup;
			children = (
				7C9BF5AD2088FB63002BF7B2 /* DutieSplitKeys.h */,
				7C9BF5AE2088FB63002BF7B2 /* DutieSplitKeys.m */,
				7C9BF5AF2088FB63002BF7B2 /* Keys.podspec.json */,
			);
			name = CocoaPodsKeys;
			path = Pods/CocoaPodsKeys;
			sourceTree = SOURCE_ROOT;
		};
		7C9BF5D720890368002BF7B2 /* Login screen */ = {
			isa = PBXGroup;
			children = (
				7CCB039920891045009E2680 /* LoginViewController.swift */,
				7CCB03972089103B009E2680 /* LoginViewModel.swift */,
				7CCB039520891033009E2680 /* LoginView.swift */,
			);
			path = "Login screen";
			sourceTree = "<group>";
		};
		7C9E1ACB20ACA8850027CF6E /* Root */ = {
			isa = PBXGroup;
			children = (
				7CE656DA20A5D84000BA8FCA /* DashboardViewController.swift */,
				7CE656DE20A5D85400BA8FCA /* DashboardViewModel.swift */,
				7CE656DC20A5D84A00BA8FCA /* DashboardView.swift */,
			);
			path = Root;
			sourceTree = "<group>";
		};
		7C9FA395208399000095E647 /* Configuration */ = {
			isa = PBXGroup;
			children = (
				7C9FA39B208399000095E647 /* App-Common.xcconfig */,
				7C9FA398208399000095E647 /* App-Development.xcconfig */,
				7C9FA39A208399000095E647 /* App-Staging.xcconfig */,
				7C9FA397208399000095E647 /* App-Beta.xcconfig */,
				7C9FA396208399000095E647 /* App-AppStore.xcconfig */,
				7C9FA399208399000095E647 /* Test-Common.xcconfig */,
			);
			path = Configuration;
			sourceTree = "<group>";
		};
		7C9FA3AB20839A9D0095E647 /* Supporting Files */ = {
			isa = PBXGroup;
			children = (
				7C9B8F892083946400661EFE /* Info.plist */,
			);
			path = "Supporting Files";
			sourceTree = "<group>";
		};
		7C9FA3AC20839AB70095E647 /* Supporting Files */ = {
			isa = PBXGroup;
			children = (
				7C9FA3AF20839AE00095E647 /* Bridging-Header.h */,
				7C9B8F7E2083946400661EFE /* Info.plist */,
			);
			path = "Supporting Files";
			sourceTree = "<group>";
		};
		7C9FA3AD20839AC10095E647 /* Resources */ = {
			isa = PBXGroup;
			children = (
				7C9FA3B020839CD80095E647 /* Localizations */,
				7C9B8F792083946400661EFE /* Assets.xcassets */,
				7CF7D572209E1D50003A3FC1 /* LaunchScreen.storyboard */,
			);
			path = Resources;
			sourceTree = "<group>";
		};
		7C9FA3AE20839AC60095E647 /* Source Files */ = {
			isa = PBXGroup;
			children = (
				7C9FA3B320839CFE0095E647 /* Application */,
				7C9FA3B220839CF90095E647 /* Common */,
				7C9FA3B120839CF30095E647 /* Modules */,
			);
			path = "Source Files";
			sourceTree = "<group>";
		};
		7C9FA3B020839CD80095E647 /* Localizations */ = {
			isa = PBXGroup;
			children = (
				7C9FA3BC20839E500095E647 /* Localizable.strings */,
				7C9FA3BD20839E500095E647 /* Localizable.swift */,
			);
			path = Localizations;
			sourceTree = "<group>";
		};
		7C9FA3B120839CF30095E647 /* Modules */ = {
			isa = PBXGroup;
			children = (
				7C9FA3B520839E150095E647 /* Login */,
				7C9FA3B420839E110095E647 /* Home */,
			);
			path = Modules;
			sourceTree = "<group>";
		};
		7C9FA3B220839CF90095E647 /* Common */ = {
			isa = PBXGroup;
			children = (
				7C9FA3BB20839E3E0095E647 /* Services */,
				7CF7D568209DC993003A3FC1 /* Network requests */,
				7C9FA3BA20839E3A0095E647 /* Views */,
				7C9FA3B920839E350095E647 /* Models */,
				7C9FA3B820839E2F0095E647 /* Extensions */,
				7C9FA3B720839E290095E647 /* Abstraction */,
				7CCB039D2089142A009E2680 /* Factories */,
				7CC4567720A5BB5A0037463B /* Validators */,
				7C9FA3B620839E1D0095E647 /* Base classes */,
			);
			path = Common;
			sourceTree = "<group>";
		};
		7C9FA3B320839CFE0095E647 /* Application */ = {
			isa = PBXGroup;
			children = (
				7C9B8F722083946200661EFE /* ApplicationDelegate.swift */,
				7C9BF5982088F6DB002BF7B2 /* ApplicationDependencies.swift */,
				7C9BF5992088F6DB002BF7B2 /* ApplicationFlowController.swift */,
				7C9BF5972088F6DB002BF7B2 /* ApplicationKeys.swift */,
			);
			path = Application;
			sourceTree = "<group>";
		};
		7C9FA3B420839E110095E647 /* Home */ = {
			isa = PBXGroup;
			children = (
				7CB54DAE209F613D007EC75D /* HomeFlowController.swift */,
				7CE656D820A5D81800BA8FCA /* Dashboard  */,
				7CCCC35020CBB3BB006D886A /* Add Activity */,
				7CE656D920A5D82A00BA8FCA /* Manage */,
			);
			path = Home;
			sourceTree = "<group>";
		};
		7C9FA3B520839E150095E647 /* Login */ = {
			isa = PBXGroup;
			children = (
				7C9BF5A72088F7B2002BF7B2 /* LoginFlowController.swift */,
				7C9BF5D720890368002BF7B2 /* Login screen */,
				7CB54DA7209F599C007EC75D /* Register screen */,
			);
			path = Login;
			sourceTree = "<group>";
		};
		7C9FA3B620839E1D0095E647 /* Base classes */ = {
			isa = PBXGroup;
			children = (
				7C9BF5E0208908D1002BF7B2 /* ViewController.swift */,
				7C9BF5D02088FFC2002BF7B2 /* ViewModel.swift */,
				7C9BF5DC20890654002BF7B2 /* View.swift */,
				7C9BF5A92088F844002BF7B2 /* TypedViewController.swift */,
				7C9BF5CC2088FD53002BF7B2 /* FlowAwareViewController.swift */,
				7C9BF5E220890E14002BF7B2 /* KeyboardAwareViewController.swift */,
				7C4F2C6820A5C70000E19EB0 /* HomeTabBarController.swift */,
				7CE656E920A5F53A00BA8FCA /* TableViewCell.swift */,
			);
			path = "Base classes";
			sourceTree = "<group>";
		};
		7C9FA3B720839E290095E647 /* Abstraction */ = {
			isa = PBXGroup;
			children = (
				7CCCC35C20CBC4A2006D886A /* StaticSection.swift */,
				7CCCC35E20CBC56B006D886A /* StaticSectionedMenu.swift */,
				7C9BF59F2088F712002BF7B2 /* HasDependency.swift */,
				7C9BF5A12088F719002BF7B2 /* FlowController.swift */,
				7C9BF5A22088F719002BF7B2 /* AlertPresentable.swift */,
				7C9BF5A32088F719002BF7B2 /* CrashLogger.swift */,
				7C9BF5CE2088FD95002BF7B2 /* NavigationBarSetupable.swift */,
				7C9BF5D5208902BE002BF7B2 /* BindingsSetupable.swift */,
				7C9BF5DA2089059D002BF7B2 /* ViewSetupable.swift */,
				7CB54D9F209EDC1D007EC75D /* Loader.swift */,
			);
			path = Abstraction;
			sourceTree = "<group>";
		};
		7C9FA3B820839E2F0095E647 /* Extensions */ = {
			isa = PBXGroup;
			children = (
				7C9BF5BF2088FCA0002BF7B2 /* BoolExtension.swift */,
				7C9BF5BD2088FCA0002BF7B2 /* NSObjectExtension.swift */,
				7C9BF5BC2088FCA0002BF7B2 /* UICollectionViewExtension.swift */,
				7C9BF5BE2088FCA0002BF7B2 /* UIColorExtension.swift */,
				7C9BF5C12088FCA0002BF7B2 /* UIDeviceExtension.swift */,
				7C9BF5C22088FCA0002BF7B2 /* UITableViewExtension.swift */,
				7C9BF5C02088FCA0002BF7B2 /* UIViewExtension+Constraint.swift */,
				7C9BF5CA2088FCCB002BF7B2 /* UIViewExtension.swift */,
				7CCB03A020891A3B009E2680 /* UIStackViewExtension.swift */,
				7CB54DA5209EF30B007EC75D /* UINavigationBarExtension.swift */,
			);
			path = Extensions;
			sourceTree = "<group>";
		};
		7C9FA3B920839E350095E647 /* Models */ = {
			isa = PBXGroup;
			children = (
			);
			path = Models;
			sourceTree = "<group>";
		};
		7C9FA3BA20839E3A0095E647 /* Views */ = {
			isa = PBXGroup;
			children = (
				7CE656E620A5ED0000BA8FCA /* Cells */,
				7CCB039B2089112E009E2680 /* SeparatorView.swift */,
				7CB54DA1209EDD04007EC75D /* DefaultLoader.swift */,
				7C9E1AC320AC92890027CF6E /* SectionHeader.swift */,
			);
			path = Views;
			sourceTree = "<group>";
		};
		7C9FA3BB20839E3E0095E647 /* Services */ = {
			isa = PBXGroup;
			children = (
				7CF7D555209DC2AE003A3FC1 /* Networking Helpers */,
				7C9BF59D2088F6F7002BF7B2 /* HockeyAppService.swift */,
				7CF7D559209DC2C1003A3FC1 /* NetworkService.swift */,
				7CF7D565209DC3A6003A3FC1 /* AuthenticationService.swift */,
				7CF7D564209DC3A6003A3FC1 /* SecureStorageService.swift */,
			);
			path = Services;
			sourceTree = "<group>";
		};
		7CB54DA7209F599C007EC75D /* Register screen */ = {
			isa = PBXGroup;
			children = (
				7CB54DA8209F59BA007EC75D /* RegisterViewController.swift */,
				7CB54DAA209F59C2007EC75D /* RegisterViewModel.swift */,
				7CB54DAC209F59CB007EC75D /* RegisterView.swift */,
			);
			path = "Register screen";
			sourceTree = "<group>";
		};
		7CC4567720A5BB5A0037463B /* Validators */ = {
			isa = PBXGroup;
			children = (
				7CC4567820A5BB7E0037463B /* EmailValidator.swift */,
				7CC4567920A5BB7F0037463B /* PasswordValidator.swift */,
			);
			path = Validators;
			sourceTree = "<group>";
		};
		7CCB039D2089142A009E2680 /* Factories */ = {
			isa = PBXGroup;
			children = (
				7CCB039E2089144C009E2680 /* ViewControllerFactory.swift */,
				7CB54D9D209E219C007EC75D /* UITextFieldFactory.swift */,
				7CB54DA3209EE89B007EC75D /* UIButtonFactory.swift */,
			);
			path = Factories;
			sourceTree = "<group>";
		};
		7CCCC35020CBB3BB006D886A /* Add Activity */ = {
			isa = PBXGroup;
			children = (
				7CCCC35120CBB3E1006D886A /* AddActivityFlowController.swift */,
				7CCCC35320CBB3E7006D886A /* Root */,
			);
			path = "Add Activity";
			sourceTree = "<group>";
		};
		7CCCC35320CBB3E7006D886A /* Root */ = {
			isa = PBXGroup;
			children = (
				7CCCC35420CBB7AF006D886A /* AddActivityViewController.swift */,
				7CCCC35620CBB7BE006D886A /* AddActivityViewModel.swift */,
				7CCCC35820CBB7C5006D886A /* AddActivityView.swift */,
			);
			path = Root;
			sourceTree = "<group>";
		};
		7CCCC36220CBD9F1006D886A /* Switch Group */ = {
			isa = PBXGroup;
			children = (
				7CCCC37820CBDBF7006D886A /* SwitchGroupViewController.swift */,
				7CCCC37A20CBDC17006D886A /* SwitchGroupViewModel.swift */,
				7CCCC37C20CBDC1E006D886A /* SwitchGroupView.swift */,
			);
			path = "Switch Group";
			sourceTree = "<group>";
		};
		7CCCC36320CBDA07006D886A /* Profile */ = {
			isa = PBXGroup;
			children = (
				7CCCC37220CBDB8E006D886A /* ProfileViewController.swift */,
				7CCCC37420CBDB9B006D886A /* ProfileViewModel.swift */,
				7CCCC37620CBDBA2006D886A /* ProfileView.swift */,
			);
			path = Profile;
			sourceTree = "<group>";
		};
		7CCCC36420CBDA0E006D886A /* Settings */ = {
			isa = PBXGroup;
			children = (
				7CCCC36C20CBDB19006D886A /* SettingsViewController.swift */,
				7CCCC36E20CBDB39006D886A /* SettingsViewModel.swift */,
				7CCCC37020CBDB42006D886A /* SettingsView.swift */,
			);
			path = Settings;
			sourceTree = "<group>";
		};
		7CCCC36520CBDA13006D886A /* Duties */ = {
			isa = PBXGroup;
			children = (
				7CDE5C0520FB59A300F25F58 /* Cells */,
				7CCCC36620CBDA45006D886A /* DutiesViewController.swift */,
				7CCCC36820CBDA51006D886A /* DutiesViewModel.swift */,
				7CCCC36A20CBDA59006D886A /* DutiesView.swift */,
			);
			path = Duties;
			sourceTree = "<group>";
		};
		7CCCC38420CDAFDA006D886A /* Fixture responses */ = {
			isa = PBXGroup;
			children = (
				7CCCC38520CDB042006D886A /* LoginSuccess.json */,
				7CCCC38920CDB0A2006D886A /* LoginFailure.json */,
			);
			path = "Fixture responses";
			sourceTree = "<group>";
		};
		7CDE5C0520FB59A300F25F58 /* Cells */ = {
			isa = PBXGroup;
			children = (
				7CDE5C0620FB59B500F25F58 /* DutieTableViewCell.swift */,
			);
			path = Cells;
			sourceTree = "<group>";
		};
		7CE656D820A5D81800BA8FCA /* Dashboard  */ = {
			isa = PBXGroup;
			children = (
				7C9E1AC920ACA86D0027CF6E /* DashboardFlowController.swift */,
				7C9E1ACB20ACA8850027CF6E /* Root */,
			);
			path = "Dashboard ";
			sourceTree = "<group>";
		};
		7CE656D920A5D82A00BA8FCA /* Manage */ = {
			isa = PBXGroup;
			children = (
				7C7E9E6A20AE185D0034D448 /* ManageFlowController.swift */,
				7C7E9E6920AE18420034D448 /* Root */,
				7CCCC36520CBDA13006D886A /* Duties */,
				7CCCC36420CBDA0E006D886A /* Settings */,
				7CCCC36320CBDA07006D886A /* Profile */,
				7CCCC36220CBD9F1006D886A /* Switch Group */,
			);
			path = Manage;
			sourceTree = "<group>";
		};
		7CE656E620A5ED0000BA8FCA /* Cells */ = {
			isa = PBXGroup;
			children = (
				7CE656E720A5ED2A00BA8FCA /* SubtitledTableViewCell.swift */,
				7C9E1AC520AC9C340027CF6E /* PersonTableViewCell.swift */,
				7C9E1AC720AC9D780027CF6E /* ActivityTableViewCell.swift */,
			);
			path = Cells;
			sourceTree = "<group>";
		};
		7CF7D555209DC2AE003A3FC1 /* Networking Helpers */ = {
			isa = PBXGroup;
			children = (
				7CF7D558209DC2C1003A3FC1 /* NetworkRequest.swift */,
				7CF7D556209DC2C1003A3FC1 /* NetworkResponse.swift */,
				7CF7D557209DC2C1003A3FC1 /* NetworkApplication.swift */,
				7CF7D55C209DC2C2003A3FC1 /* NetworkError.swift */,
				7CF7D570209E03B7003A3FC1 /* NetworkStatus.swift */,
				7CF7D55B209DC2C1003A3FC1 /* URLRequestExtension+Networking.swift */,
				7CCCC38220CD9E2C006D886A /* URLSessionDataTaskResponse.swift */,
			);
			path = "Networking Helpers";
			sourceTree = "<group>";
		};
		7CF7D568209DC993003A3FC1 /* Network requests */ = {
			isa = PBXGroup;
			children = (
				7CF7D56B209DF661003A3FC1 /* Groups */,
				7CF7D56A209DF65A003A3FC1 /* Users */,
				7CF7D569209DF644003A3FC1 /* Auth */,
			);
			path = "Network requests";
			sourceTree = "<group>";
		};
		7CF7D569209DF644003A3FC1 /* Auth */ = {
			isa = PBXGroup;
			children = (
				7CF7D56C209DF68D003A3FC1 /* LoginRequest.swift */,
				7CC4567E20A5BDDD0037463B /* RegisterRequest.swift */,
				7CF7D56E209DF697003A3FC1 /* LoginResponse.swift */,
			);
			path = Auth;
			sourceTree = "<group>";
		};
		7CF7D56A209DF65A003A3FC1 /* Users */ = {
			isa = PBXGroup;
			children = (
			);
			path = Users;
			sourceTree = "<group>";
		};
		7CF7D56B209DF661003A3FC1 /* Groups */ = {
			isa = PBXGroup;
			children = (
			);
			path = Groups;
			sourceTree = "<group>";
		};
/* End PBXGroup section */

/* Begin PBXNativeTarget section */
		7C9B8F6E2083946200661EFE /* DutieSplit */ = {
			isa = PBXNativeTarget;
			buildConfigurationList = 7C9B8F8C2083946400661EFE /* Build configuration list for PBXNativeTarget "DutieSplit" */;
			buildPhases = (
				7C9B8F6B2083946200661EFE /* Sources */,
				7C9B8F6C2083946200661EFE /* Frameworks */,
				7C9B8F6D2083946200661EFE /* Resources */,
				7C9BF5D4208901D3002BF7B2 /* Carthage script */,
			);
			buildRules = (
			);
			dependencies = (
			);
			name = DutieSplit;
			productName = DutieSplit;
			productReference = 7C9B8F6F2083946200661EFE /* DutieSplit.app */;
			productType = "com.apple.product-type.application";
		};
		7C9B8F822083946400661EFE /* DutieSplitTests */ = {
			isa = PBXNativeTarget;
			buildConfigurationList = 7C9B8F8F2083946400661EFE /* Build configuration list for PBXNativeTarget "DutieSplitTests" */;
			buildPhases = (
				7C9B8F7F2083946400661EFE /* Sources */,
				7C9B8F802083946400661EFE /* Frameworks */,
				7C9B8F812083946400661EFE /* Resources */,
				7C19903220B98B7400DF098E /* ShellScript */,
			);
			buildRules = (
			);
			dependencies = (
				7C9B8F852083946400661EFE /* PBXTargetDependency */,
			);
			name = DutieSplitTests;
			productName = DutieSplitTests;
			productReference = 7C9B8F832083946400661EFE /* DutieSplitTests.xctest */;
			productType = "com.apple.product-type.bundle.unit-test";
		};
/* End PBXNativeTarget section */

/* Begin PBXProject section */
		7C9B8F672083946200661EFE /* Project object */ = {
			isa = PBXProject;
			attributes = {
				LastSwiftUpdateCheck = 0930;
				LastUpgradeCheck = 0940;
				ORGANIZATIONNAME = TechBrewery;
				TargetAttributes = {
					7C9B8F6E2083946200661EFE = {
						CreatedOnToolsVersion = 9.3;
					};
					7C9B8F822083946400661EFE = {
						CreatedOnToolsVersion = 9.3;
						TestTargetID = 7C9B8F6E2083946200661EFE;
					};
				};
			};
			buildConfigurationList = 7C9B8F6A2083946200661EFE /* Build configuration list for PBXProject "DutieSplit" */;
			compatibilityVersion = "Xcode 9.3";
			developmentRegion = en;
			hasScannedForEncodings = 0;
			knownRegions = (
				en,
				Base,
			);
			mainGroup = 7C9B8F662083946200661EFE;
			productRefGroup = 7C9B8F702083946200661EFE /* Products */;
			projectDirPath = "";
			projectRoot = "";
			targets = (
				7C9B8F6E2083946200661EFE /* DutieSplit */,
				7C9B8F822083946400661EFE /* DutieSplitTests */,
			);
		};
/* End PBXProject section */

/* Begin PBXResourcesBuildPhase section */
		7C9B8F6D2083946200661EFE /* Resources */ = {
			isa = PBXResourcesBuildPhase;
			buildActionMask = 2147483647;
			files = (
				7C9BF5B12088FB64002BF7B2 /* Keys.podspec.json in Resources */,
				7CF7D573209E1D50003A3FC1 /* LaunchScreen.storyboard in Resources */,
				7C9BF5B72088FC08002BF7B2 /* Gemfile in Resources */,
				7C9BF5B32088FBEF002BF7B2 /* bitrise.yml in Resources */,
				7C9BF5B52088FC03002BF7B2 /* Cartfile in Resources */,
				7C9FA3BE20839E500095E647 /* Localizable.strings in Resources */,
				7C9BF5D320890069002BF7B2 /* README.md in Resources */,
				7C9BF5BB2088FC31002BF7B2 /* Podfile in Resources */,
				7C9B8F7A2083946400661EFE /* Assets.xcassets in Resources */,
			);
			runOnlyForDeploymentPostprocessing = 0;
		};
		7C9B8F812083946400661EFE /* Resources */ = {
			isa = PBXResourcesBuildPhase;
			buildActionMask = 2147483647;
			files = (
				7CCCC38A20CDB0A2006D886A /* LoginFailure.json in Resources */,
				7CCCC38620CDB042006D886A /* LoginSuccess.json in Resources */,
			);
			runOnlyForDeploymentPostprocessing = 0;
		};
/* End PBXResourcesBuildPhase section */

/* Begin PBXShellScriptBuildPhase section */
		7C19903220B98B7400DF098E /* ShellScript */ = {
			isa = PBXShellScriptBuildPhase;
			buildActionMask = 2147483647;
			files = (
			);
			inputPaths = (
				"$(_CARTHAGE_BUILD_PATH)/HockeySDK.framework",
				"$(_CARTHAGE_BUILD_PATH)/KeychainAccess.framework",
				"$(_CARTHAGE_BUILD_PATH)/RxSwift.framework",
				"$(_CARTHAGE_BUILD_PATH)/RxCocoa.framework",
				"$(_CARTHAGE_BUILD_PATH)/RxOptional.framework",
				"$(_CARTHAGE_BUILD_PATH)/ResponseDetective.framework",
				"$(_CARTHAGE_BUILD_PATH)/Quick.framework",
				"$(_CARTHAGE_BUILD_PATH)/Nimble.framework",
				"$(_CARTHAGE_BUILD_PATH)/RxTest.framework",
				"$(_CARTHAGE_BUILD_PATH)/RxBlocking.framework",
			);
			outputPaths = (
			);
			runOnlyForDeploymentPostprocessing = 0;
			shellPath = /bin/sh;
			shellScript = "carthage copy-frameworks";
		};
		7C9BF5D4208901D3002BF7B2 /* Carthage script */ = {
			isa = PBXShellScriptBuildPhase;
			buildActionMask = 2147483647;
			files = (
			);
			inputPaths = (
				"$(_CARTHAGE_BUILD_PATH)/HockeySDK.framework",
				"$(_CARTHAGE_BUILD_PATH)/KeychainAccess.framework",
				"$(_CARTHAGE_BUILD_PATH)/RxSwift.framework",
				"$(_CARTHAGE_BUILD_PATH)/RxCocoa.framework",
				"$(_CARTHAGE_BUILD_PATH)/RxOptional.framework",
				"$(_CARTHAGE_BUILD_PATH)/ResponseDetective.framework",
			);
			name = "Carthage script";
			outputPaths = (
			);
			runOnlyForDeploymentPostprocessing = 0;
			shellPath = /bin/sh;
			shellScript = "carthage copy-frameworks";
		};
/* End PBXShellScriptBuildPhase section */

/* Begin PBXSourcesBuildPhase section */
		7C9B8F6B2083946200661EFE /* Sources */ = {
			isa = PBXSourcesBuildPhase;
			buildActionMask = 2147483647;
			files = (
				7CB54DA4209EE89B007EC75D /* UIButtonFactory.swift in Sources */,
				7CCB039C2089112E009E2680 /* SeparatorView.swift in Sources */,
				7C4F2C6920A5C70000E19EB0 /* HomeTabBarController.swift in Sources */,
				7C9BF5A82088F7B2002BF7B2 /* LoginFlowController.swift in Sources */,
				7CCCC38320CD9E2C006D886A /* URLSessionDataTaskResponse.swift in Sources */,
				7C9BF5C42088FCA0002BF7B2 /* NSObjectExtension.swift in Sources */,
				7CE656E320A5D87200BA8FCA /* ManageViewModel.swift in Sources */,
				7CE656E120A5D86400BA8FCA /* ManageViewController.swift in Sources */,
				7CCCC36B20CBDA59006D886A /* DutiesView.swift in Sources */,
				7CC4567F20A5BDDD0037463B /* RegisterRequest.swift in Sources */,
				7C9BF5AA2088F844002BF7B2 /* TypedViewController.swift in Sources */,
				7CE656DB20A5D84000BA8FCA /* DashboardViewController.swift in Sources */,
				7C9BF5C32088FCA0002BF7B2 /* UICollectionViewExtension.swift in Sources */,
				7CCCC35720CBB7BE006D886A /* AddActivityViewModel.swift in Sources */,
				7CE656E520A5D87B00BA8FCA /* ManageView.swift in Sources */,
				7C9BF5A02088F712002BF7B2 /* HasDependency.swift in Sources */,
				7CF7D55F209DC2C2003A3FC1 /* NetworkRequest.swift in Sources */,
				7CCCC37B20CBDC17006D886A /* SwitchGroupViewModel.swift in Sources */,
				7C9BF5E1208908D1002BF7B2 /* ViewController.swift in Sources */,
				7CDE5C0720FB59B500F25F58 /* DutieTableViewCell.swift in Sources */,
				7CB54DAD209F59CB007EC75D /* RegisterView.swift in Sources */,
				7CE656DF20A5D85400BA8FCA /* DashboardViewModel.swift in Sources */,
				7CB54DAB209F59C2007EC75D /* RegisterViewModel.swift in Sources */,
				7CCB039F2089144C009E2680 /* ViewControllerFactory.swift in Sources */,
				7C9BF5D12088FFC2002BF7B2 /* ViewModel.swift in Sources */,
				7CCCC37720CBDBA2006D886A /* ProfileView.swift in Sources */,
				7C9BF5A62088F719002BF7B2 /* CrashLogger.swift in Sources */,
				7CCCC36D20CBDB19006D886A /* SettingsViewController.swift in Sources */,
				7C9BF5C72088FCA0002BF7B2 /* UIViewExtension+Constraint.swift in Sources */,
				7CCCC36F20CBDB39006D886A /* SettingsViewModel.swift in Sources */,
				7CF7D55E209DC2C2003A3FC1 /* NetworkApplication.swift in Sources */,
				7CF7D567209DC3A6003A3FC1 /* AuthenticationService.swift in Sources */,
				7C9E1ACA20ACA86D0027CF6E /* DashboardFlowController.swift in Sources */,
				7CB54DA0209EDC1D007EC75D /* Loader.swift in Sources */,
				7C7E9E6B20AE185D0034D448 /* ManageFlowController.swift in Sources */,
				7C9E1AC420AC92890027CF6E /* SectionHeader.swift in Sources */,
				7CCB03A120891A3B009E2680 /* UIStackViewExtension.swift in Sources */,
				7C9BF5A52088F719002BF7B2 /* AlertPresentable.swift in Sources */,
				7C9FA3BF20839E500095E647 /* Localizable.swift in Sources */,
				7CE656EA20A5F53A00BA8FCA /* TableViewCell.swift in Sources */,
				7C9BF5C62088FCA0002BF7B2 /* BoolExtension.swift in Sources */,
				7CF7D571209E03B7003A3FC1 /* NetworkStatus.swift in Sources */,
				7C9E1AC820AC9D780027CF6E /* ActivityTableViewCell.swift in Sources */,
				7CCCC36920CBDA51006D886A /* DutiesViewModel.swift in Sources */,
				7CCB039A20891045009E2680 /* LoginViewController.swift in Sources */,
				7C9BF5DD20890654002BF7B2 /* View.swift in Sources */,
				7CCCC37320CBDB8E006D886A /* ProfileViewController.swift in Sources */,
				7CB54DA9209F59BA007EC75D /* RegisterViewController.swift in Sources */,
				7CB54D9E209E219C007EC75D /* UITextFieldFactory.swift in Sources */,
				7CCCC35F20CBC56B006D886A /* StaticSectionedMenu.swift in Sources */,
				7CF7D55D209DC2C2003A3FC1 /* NetworkResponse.swift in Sources */,
				7C9BF59B2088F6DC002BF7B2 /* ApplicationDependencies.swift in Sources */,
				7CCCC35B20CBC384006D886A /* ManageMenuCellType.swift in Sources */,
				7CC4567A20A5BB7F0037463B /* EmailValidator.swift in Sources */,
				7CCCC35920CBB7C5006D886A /* AddActivityView.swift in Sources */,
				7C9BF5C92088FCA0002BF7B2 /* UITableViewExtension.swift in Sources */,
				7CCCC37D20CBDC1E006D886A /* SwitchGroupView.swift in Sources */,
				7C9BF5CF2088FD95002BF7B2 /* NavigationBarSetupable.swift in Sources */,
				7C9BF5E320890E14002BF7B2 /* KeyboardAwareViewController.swift in Sources */,
				7CCB03982089103B009E2680 /* LoginViewModel.swift in Sources */,
				7C9BF5C82088FCA0002BF7B2 /* UIDeviceExtension.swift in Sources */,
				7CCCC37120CBDB42006D886A /* SettingsView.swift in Sources */,
				7CCCC35220CBB3E1006D886A /* AddActivityFlowController.swift in Sources */,
				7CCB039620891033009E2680 /* LoginView.swift in Sources */,
				7CE656DD20A5D84A00BA8FCA /* DashboardView.swift in Sources */,
				7CF7D566209DC3A6003A3FC1 /* SecureStorageService.swift in Sources */,
				7CF7D56F209DF697003A3FC1 /* LoginResponse.swift in Sources */,
				7CCCC37520CBDB9B006D886A /* ProfileViewModel.swift in Sources */,
				7C9BF5A42088F719002BF7B2 /* FlowController.swift in Sources */,
				7C9BF59C2088F6DC002BF7B2 /* ApplicationFlowController.swift in Sources */,
				7CE656E820A5ED2A00BA8FCA /* SubtitledTableViewCell.swift in Sources */,
				7C9E1AC620AC9C340027CF6E /* PersonTableViewCell.swift in Sources */,
				7CCCC37920CBDBF7006D886A /* SwitchGroupViewController.swift in Sources */,
				7CB54DA6209EF30B007EC75D /* UINavigationBarExtension.swift in Sources */,
				7C9BF5C52088FCA0002BF7B2 /* UIColorExtension.swift in Sources */,
				7C9BF5DB2089059D002BF7B2 /* ViewSetupable.swift in Sources */,
				7CCCC35D20CBC4A2006D886A /* StaticSection.swift in Sources */,
				7CB54DA2209EDD04007EC75D /* DefaultLoader.swift in Sources */,
				7C9BF59A2088F6DC002BF7B2 /* ApplicationKeys.swift in Sources */,
				7CB54DAF209F613D007EC75D /* HomeFlowController.swift in Sources */,
				7C9BF5CD2088FD53002BF7B2 /* FlowAwareViewController.swift in Sources */,
				7CCCC35520CBB7AF006D886A /* AddActivityViewController.swift in Sources */,
				7C9BF59E2088F6F7002BF7B2 /* HockeyAppService.swift in Sources */,
				7C9BF5CB2088FCCB002BF7B2 /* UIViewExtension.swift in Sources */,
				7C9BF5D6208902BE002BF7B2 /* BindingsSetupable.swift in Sources */,
				7CF7D560209DC2C2003A3FC1 /* NetworkService.swift in Sources */,
				7C9B8F732083946200661EFE /* ApplicationDelegate.swift in Sources */,
				7C7E9E6E20AE1D5F0034D448 /* ManageTableViewCell.swift in Sources */,
				7CC4567B20A5BB7F0037463B /* PasswordValidator.swift in Sources */,
				7CF7D562209DC2C2003A3FC1 /* URLRequestExtension+Networking.swift in Sources */,
				7C9BF5B02088FB64002BF7B2 /* DutieSplitKeys.m in Sources */,
				7CF7D563209DC2C2003A3FC1 /* NetworkError.swift in Sources */,
				7CCCC36720CBDA45006D886A /* DutiesViewController.swift in Sources */,
				7CF7D56D209DF68D003A3FC1 /* LoginRequest.swift in Sources */,
			);
			runOnlyForDeploymentPostprocessing = 0;
		};
		7C9B8F7F2083946400661EFE /* Sources */ = {
			isa = PBXSourcesBuildPhase;
			buildActionMask = 2147483647;
			files = (
				7C19904820B9EDD900DF098E /* MockNetworkService.swift in Sources */,
				7C19904420B9EC1C00DF098E /* MockSecureStorageService.swift in Sources */,
				7C33DFBE20BC7F0C00784D63 /* RegisterViewModelSpec.swift in Sources */,
				7C19904220B9EB7900DF098E /* MockCrashLogger.swift in Sources */,
				7C19904620B9EC9B00DF098E /* MockAuthenticationService.swift in Sources */,
				7C19904A20B9FBEF00DF098E /* LoginViewModelSpec.swift in Sources */,
				7C33DFC020BC84E400784D63 /* AuthenticationServiceSpec.swift in Sources */,
				7C19903E20B9EAEB00DF098E /* MockApplicationDependencies.swift in Sources */,
			);
			runOnlyForDeploymentPostprocessing = 0;
		};
/* End PBXSourcesBuildPhase section */

/* Begin PBXTargetDependency section */
		7C9B8F852083946400661EFE /* PBXTargetDependency */ = {
			isa = PBXTargetDependency;
			target = 7C9B8F6E2083946200661EFE /* DutieSplit */;
			targetProxy = 7C9B8F842083946400661EFE /* PBXContainerItemProxy */;
		};
/* End PBXTargetDependency section */

/* Begin XCBuildConfiguration section */
		7C9B8F8A2083946400661EFE /* Development */ = {
			isa = XCBuildConfiguration;
			buildSettings = {
			};
			name = Development;
		};
		7C9B8F8D2083946400661EFE /* Development */ = {
			isa = XCBuildConfiguration;
			baseConfigurationReference = 7C9FA398208399000095E647 /* App-Development.xcconfig */;
			buildSettings = {
			};
			name = Development;
		};
		7C9B8F902083946400661EFE /* Development */ = {
			isa = XCBuildConfiguration;
			baseConfigurationReference = 7C9FA399208399000095E647 /* Test-Common.xcconfig */;
			buildSettings = {
			};
			name = Development;
		};
		7C9FA3A220839A170095E647 /* Staging */ = {
			isa = XCBuildConfiguration;
			buildSettings = {
			};
			name = Staging;
		};
		7C9FA3A320839A170095E647 /* Staging */ = {
			isa = XCBuildConfiguration;
			baseConfigurationReference = 7C9FA39A208399000095E647 /* App-Staging.xcconfig */;
			buildSettings = {
			};
			name = Staging;
		};
		7C9FA3A420839A170095E647 /* Staging */ = {
			isa = XCBuildConfiguration;
			baseConfigurationReference = 7C9FA399208399000095E647 /* Test-Common.xcconfig */;
			buildSettings = {
			};
			name = Staging;
		};
		7C9FA3A520839A1E0095E647 /* Beta */ = {
			isa = XCBuildConfiguration;
			buildSettings = {
			};
			name = Beta;
		};
		7C9FA3A620839A1E0095E647 /* Beta */ = {
			isa = XCBuildConfiguration;
			baseConfigurationReference = 7C9FA397208399000095E647 /* App-Beta.xcconfig */;
			buildSettings = {
			};
			name = Beta;
		};
		7C9FA3A720839A1E0095E647 /* Beta */ = {
			isa = XCBuildConfiguration;
			baseConfigurationReference = 7C9FA399208399000095E647 /* Test-Common.xcconfig */;
			buildSettings = {
			};
			name = Beta;
		};
		7C9FA3A820839A270095E647 /* AppStore */ = {
			isa = XCBuildConfiguration;
			buildSettings = {
			};
			name = AppStore;
		};
		7C9FA3A920839A270095E647 /* AppStore */ = {
			isa = XCBuildConfiguration;
			baseConfigurationReference = 7C9FA396208399000095E647 /* App-AppStore.xcconfig */;
			buildSettings = {
			};
			name = AppStore;
		};
		7C9FA3AA20839A270095E647 /* AppStore */ = {
			isa = XCBuildConfiguration;
			baseConfigurationReference = 7C9FA399208399000095E647 /* Test-Common.xcconfig */;
			buildSettings = {
			};
			name = AppStore;
		};
/* End XCBuildConfiguration section */

/* Begin XCConfigurationList section */
		7C9B8F6A2083946200661EFE /* Build configuration list for PBXProject "DutieSplit" */ = {
			isa = XCConfigurationList;
			buildConfigurations = (
				7C9B8F8A2083946400661EFE /* Development */,
				7C9FA3A520839A1E0095E647 /* Beta */,
				7C9FA3A820839A270095E647 /* AppStore */,
				7C9FA3A220839A170095E647 /* Staging */,
			);
			defaultConfigurationIsVisible = 0;
			defaultConfigurationName = Development;
		};
		7C9B8F8C2083946400661EFE /* Build configuration list for PBXNativeTarget "DutieSplit" */ = {
			isa = XCConfigurationList;
			buildConfigurations = (
				7C9B8F8D2083946400661EFE /* Development */,
				7C9FA3A620839A1E0095E647 /* Beta */,
				7C9FA3A920839A270095E647 /* AppStore */,
				7C9FA3A320839A170095E647 /* Staging */,
			);
			defaultConfigurationIsVisible = 0;
			defaultConfigurationName = Development;
		};
		7C9B8F8F2083946400661EFE /* Build configuration list for PBXNativeTarget "DutieSplitTests" */ = {
			isa = XCConfigurationList;
			buildConfigurations = (
				7C9B8F902083946400661EFE /* Development */,
				7C9FA3A720839A1E0095E647 /* Beta */,
				7C9FA3AA20839A270095E647 /* AppStore */,
				7C9FA3A420839A170095E647 /* Staging */,
			);
			defaultConfigurationIsVisible = 0;
			defaultConfigurationName = Development;
		};
/* End XCConfigurationList section */
	};
	rootObject = 7C9B8F672083946200661EFE /* Project object */;
}
